
Microsoft Visual Studio Solution File, Format Version 12.00
# Visual Studio Version 17
VisualStudioVersion = 17.3.32929.385
MinimumVisualStudioVersion = 10.0.40219.1
Project("{FAE04EC0-301F-11D3-BF4B-00C04F79EFBC}") = "CalcLibrary", "CalcLibrary\CalcLibrary.csproj", "{2D0F218D-0106-4630-B3F5-D0150793AD36}"
EndProject
Project("{FAE04EC0-301F-11D3-BF4B-00C04F79EFBC}") = "UnitTestCalcLibrary", "UnitTestCalcLibrary\UnitTestCalcLibrary.csproj", "{B0B883D0-791F-4DB9-9784-76775DE75B57}"
EndProject
Project("{FAE04EC0-301F-11D3-BF4B-00C04F79EFBC}") = "CalculatorGUI", "CalculatorGUI\CalculatorGUI.csproj", "{DE6C7307-3A20-4591-AE47-5D254ABAB857}"
EndProject
Global
	GlobalSection(SolutionConfigurationPlatforms) = preSolution
		Debug|Any CPU = Debug|Any CPU
		Release|Any CPU = Release|Any CPU
	EndGlobalSection
	GlobalSection(ProjectConfigurationPlatforms) = postSolution
		{2D0F218D-0106-4630-B3F5-D0150793AD36}.Debug|Any CPU.ActiveCfg = Debug|Any CPU
		{2D0F218D-0106-4630-B3F5-D0150793AD36}.Debug|Any CPU.Build.0 = Debug|Any CPU
		{2D0F218D-0106-4630-B3F5-D0150793AD36}.Release|Any CPU.ActiveCfg = Release|Any CPU
		{2D0F218D-0106-4630-B3F5-D0150793AD36}.Release|Any CPU.Build.0 = Release|Any CPU
		{B0B883D0-791F-4DB9-9784-76775DE75B57}.Debug|Any CPU.ActiveCfg = Debug|Any CPU
		{B0B883D0-791F-4DB9-9784-76775DE75B57}.Debug|Any CPU.Build.0 = Debug|Any CPU
		{B0B883D0-791F-4DB9-9784-76775DE75B57}.Release|Any CPU.ActiveCfg = Release|Any CPU
		{B0B883D0-791F-4DB9-9784-76775DE75B57}.Release|Any CPU.Build.0 = Release|Any CPU
		{DE6C7307-3A20-4591-AE47-5D254ABAB857}.Debug|Any CPU.ActiveCfg = Debug|Any CPU
		{DE6C7307-3A20-4591-AE47-5D254ABAB857}.Debug|Any CPU.Build.0 = Debug|Any CPU
		{DE6C7307-3A20-4591-AE47-5D254ABAB857}.Release|Any CPU.ActiveCfg = Release|Any CPU
		{DE6C7307-3A20-4591-AE47-5D254ABAB857}.Release|Any CPU.Build.0 = Release|Any CPU
	EndGlobalSection
	GlobalSection(SolutionProperties) = preSolution
		HideSolutionNode = FALSE
	EndGlobalSection
	GlobalSection(ExtensibilityGlobals) = postSolution
		SolutionGuid = {E42DB499-D05E-4601-8CF7-47A00B536286}
	EndGlobalSection
EndGlobal
